
Microsoft Visual Studio Solution File, Format Version 12.00
# Visual Studio Version 16
VisualStudioVersion = 16.0.30717.126
MinimumVisualStudioVersion = 10.0.40219.1
Project("{9A19103F-16F7-4668-BE54-9A1E7A4F7556}") = "Global.Api", "Global.Api\Global.Api.csproj", "{848DFB30-7D7C-410F-93BE-B38A92ECC557}"
EndProject
Project("{9A19103F-16F7-4668-BE54-9A1E7A4F7556}") = "Global.DataAccess", "Global.DataAccess\Global.DataAccess.csproj", "{1DEA4650-BF7E-494A-B8CD-B9D583624266}"
EndProject
Project("{9A19103F-16F7-4668-BE54-9A1E7A4F7556}") = "Global.Domain", "Global.Domain\Global.Domain.csproj", "{36536278-725C-4782-9315-0CCDE2813794}"
EndProject
Global
	GlobalSection(SolutionConfigurationPlatforms) = preSolution
		Debug|Any CPU = Debug|Any CPU
		Release|Any CPU = Release|Any CPU
	EndGlobalSection
	GlobalSection(ProjectConfigurationPlatforms) = postSolution
		{848DFB30-7D7C-410F-93BE-B38A92ECC557}.Debug|Any CPU.ActiveCfg = Debug|Any CPU
		{848DFB30-7D7C-410F-93BE-B38A92ECC557}.Debug|Any CPU.Build.0 = Debug|Any CPU
		{848DFB30-7D7C-410F-93BE-B38A92ECC557}.Release|Any CPU.ActiveCfg = Release|Any CPU
		{848DFB30-7D7C-410F-93BE-B38A92ECC557}.Release|Any CPU.Build.0 = Release|Any CPU
		{1DEA4650-BF7E-494A-B8CD-B9D583624266}.Debug|Any CPU.ActiveCfg = Debug|Any CPU
		{1DEA4650-BF7E-494A-B8CD-B9D583624266}.Debug|Any CPU.Build.0 = Debug|Any CPU
		{1DEA4650-BF7E-494A-B8CD-B9D583624266}.Release|Any CPU.ActiveCfg = Release|Any CPU
		{1DEA4650-BF7E-494A-B8CD-B9D583624266}.Release|Any CPU.Build.0 = Release|Any CPU
		{36536278-725C-4782-9315-0CCDE2813794}.Debug|Any CPU.ActiveCfg = Debug|Any CPU
		{36536278-725C-4782-9315-0CCDE2813794}.Debug|Any CPU.Build.0 = Debug|Any CPU
		{36536278-725C-4782-9315-0CCDE2813794}.Release|Any CPU.ActiveCfg = Release|Any CPU
		{36536278-725C-4782-9315-0CCDE2813794}.Release|Any CPU.Build.0 = Release|Any CPU
	EndGlobalSection
	GlobalSection(SolutionProperties) = preSolution
		HideSolutionNode = FALSE
	EndGlobalSection
	GlobalSection(ExtensibilityGlobals) = postSolution
		SolutionGuid = {0B5AFEF6-91EA-41B6-B44E-C4D7F5DF415E}
	EndGlobalSection
EndGlobal
